[root]
name = "testing"
version = "0.1.0"
dependencies = [
 "brotli2 0.2.2 (registry+https://github.com/rust-lang/crates.io-index)",
]

[[package]]
name = "brotli-sys"
version = "0.2.1"
source = "registry+https://github.com/rust-lang/crates.io-index"
dependencies = [
 "gcc 0.3.45 (registry+https://github.com/rust-lang/crates.io-index)",
 "libc 0.2.21 (registry+https://github.com/rust-lang/crates.io-index)",
]

[[package]]
name = "brotli2"
version = "0.2.2"
source = "registry+https://github.com/rust-lang/crates.io-index"
dependencies = [
 "brotli-sys 0.2.1 (registry+https://github.com/rust-lang/crates.io-index)",
 "libc 0.2.21 (registry+https://github.com/rust-lang/crates.io-index)",
]

[[package]]
name = "gcc"
version = "0.3.45"
source = "registry+https://github.com/rust-lang/crates.io-index"

[[package]]
name = "libc"
version = "0.2.21"
source = "registry+https://github.com/rust-lang/crates.io-index"

[metadata]
"checksum brotli-sys 0.2.1 (registry+https://github.com/rust-lang/crates.io-index)" = "cb50f54b2e0c671b7ef1637a76237ebacbb293be179440d5d65ca288e42116bb"
"checksum brotli2 0.2.2 (registry+https://github.com/rust-lang/crates.io-index)" = "ea9d0bbab1235017a09226b079ed733bca4bf9ecb6b6102bd01aac79ea082dca"
"checksum gcc 0.3.45 (registry+https://github.com/rust-lang/crates.io-index)" = "40899336fb50db0c78710f53e87afc54d8c7266fb76262fecc78ca1a7f09deae"
"checksum libc 0.2.21 (registry+https://github.com/rust-lang/crates.io-index)" = "88ee81885f9f04bff991e306fea7c1c60a5f0f9e409e99f6b40e3311a3363135"
